# THIS IS AN AUTOGENERATED FILE. DO NOT EDIT THIS FILE DIRECTLY.
# yarn lockfile v1


"@babel/runtime@^7.1.2":
  version "7.12.5"
  resolved "https://registry.yarnpkg.com/@babel/runtime/-/runtime-7.12.5.tgz#410e7e487441e1b360c29be715d870d9b985882e"
  integrity sha512-plcc+hbExy3McchJCEQG3knOsuh3HH+Prx1P6cLIkET/0dLuQDEnrT+s27Axgc9bqfsmNUNHfscgMUdBpC9xfg==
  dependencies:
    regenerator-runtime "^0.13.4"

"@fortawesome/fontawesome-free@^5.13.1":
  version "5.15.2"
  resolved "https://registry.yarnpkg.com/@fortawesome/fontawesome-free/-/fontawesome-free-5.15.2.tgz#218cd7276ab4f9ab57cc3d2efa2697e6a579f25d"
  integrity sha512-7l/AX41m609L/EXI9EKH3Vs3v0iA8tKlIOGtw+kgcoanI7p+e4I4GYLqW3UXWiTnjSFymKSmTTPKYrivzbxxqA==

"@webcomponents/webcomponentsjs@^2.0.2":
  version "2.5.0"
  resolved "https://registry.yarnpkg.com/@webcomponents/webcomponentsjs/-/webcomponentsjs-2.5.0.tgz#61b27785a6ad5bfd68fa018201fe418b118cb38d"
  integrity sha512-C0l51MWQZ9kLzcxOZtniOMohpIFdCLZum7/TEHv3XWFc1Fvt5HCpbSX84x8ltka/JuNKcuiDnxXFkiB2gaePcg==

bootstrap@^4.5.0:
  version "4.6.0"
  resolved "https://registry.yarnpkg.com/bootstrap/-/bootstrap-4.6.0.tgz#97b9f29ac98f98dfa43bf7468262d84392552fd7"
  integrity sha512-Io55IuQY3kydzHtbGvQya3H+KorS/M9rSNyfCGCg9WZ4pyT/lCxIlpJgG1GXW/PswzC84Tr2fBYi+7+jFVQQBw==

boxicons@^2.0.7:
  version "2.0.7"
  resolved "https://registry.yarnpkg.com/boxicons/-/boxicons-2.0.7.tgz#6249281faa05f7292d695220a34d5fffd6b6768c"
  integrity sha512-1K6IkeEkjWcdXT+XO3/ZUwNp5w3rYYRwvRqAMKh/6nzEP8JP/fHx/U7Ggce3fyDKfgBDgeG+Hj3iZrV8zpVhtw==
  dependencies:
    "@webcomponents/webcomponentsjs" "^2.0.2"
    prop-types "^15.6.0"
    react "^16.0.0"
    react-dom "^16.0.0"
    react-interactive "^0.8.1"
    react-router-dom "^4.2.2"

cropperjs@^1.5.9:
  version "1.5.9"
  resolved "https://registry.yarnpkg.com/cropperjs/-/cropperjs-1.5.9.tgz#4ff9d31e02ad04d2fc5df0044207c2ad53d99da8"
  integrity sha512-aPWlg43sLIcYN4GBXIdyvM09wNPgn1ug+vNVwV8jlb3dbgEX/B34Iw6hrjGSajkUDQBmaCi6uPOevFb7N0yUsw==

detect-hover@^1.0.3:
  version "1.0.3"
  resolved "https://registry.yarnpkg.com/detect-hover/-/detect-hover-1.0.3.tgz#7392507cbced1bedc9f129a56b197c1eef9076c3"
  integrity sha512-HtLoY+tClgYucJNiovNICGWFp9nOGVmHY44s7L62iPqORXM9vujeWFaVcqtA7XRvp/2Y+4RBUfHbDKFGN+xxZQ==

detect-it@^3.0.3:
  version "3.0.7"
  resolved "https://registry.yarnpkg.com/detect-it/-/detect-it-3.0.7.tgz#54fcaff8265f8a581a6fd2d7d797b392497c9c27"
  integrity sha512-RxpgcdbatUX6epJE09K16iJqF7x6iEcEdoL18FR2zpBO4JhnL7aMOAUoUEyexdtbWOSfTmoDWmeD6mwRBQyRXg==
  dependencies:
    detect-hover "^1.0.3"
    detect-passive-events "^1.0.5"
    detect-pointer "^1.0.3"
    detect-touch-events "^2.0.2"

detect-passive-events@^1.0.5:
  version "1.0.5"
  resolved "https://registry.yarnpkg.com/detect-passive-events/-/detect-passive-events-1.0.5.tgz#ce324db665123bef9e368b8059ff95d95217cc05"
  integrity sha512-foW7Q35wwOCxVzW0xLf5XeB5Fhe7oyRgvkBYdiP9IWgLMzjqUqTvsJv9ymuEWGjY6AoDXD3OC294+Z9iuOw0QA==

detect-pointer@^1.0.3:
  version "1.0.3"
  resolved "https://registry.yarnpkg.com/detect-pointer/-/detect-pointer-1.0.3.tgz#27d86d0837951e6c5a0785c8a7fddd9cf5754e08"
  integrity sha512-d0o/Puo3fiGSCXy6H039h9Kwz+mmYCGKZ/qtPFnpN3WfsumjC1C9b5KKvRu+aYnfdI8peqN/iAe7dPd85qIt2g==

detect-touch-events@^2.0.2:
  version "2.0.2"
  resolved "https://registry.yarnpkg.com/detect-touch-events/-/detect-touch-events-2.0.2.tgz#541cc49b05ca544726a3bf2802c5b23e53aeeebb"
  integrity sha512-g8GWBkJLiIDRJfRXEdrd1wMXpNyGId2DkbfuwFahSb4OCvn717hyRJtAcEDISfp3zkwEhZ4Y4woHPA6DeyB3Fw==

history@^4.7.2:
  version "4.10.1"
  resolved "https://registry.yarnpkg.com/history/-/history-4.10.1.tgz#33371a65e3a83b267434e2b3f3b1b4c58aad4cf3"
  integrity sha512-36nwAD620w12kuzPAsyINPWJqlNbij+hpK1k9XRloDtym8mxzGYl2c17LnV6IAGB2Dmg4tEa7G7DlawS0+qjew==
  dependencies:
    "@babel/runtime" "^7.1.2"
    loose-envify "^1.2.0"
    resolve-pathname "^3.0.0"
    tiny-invariant "^1.0.2"
    tiny-warning "^1.0.0"
    value-equal "^1.0.1"

hoist-non-react-statics@^2.5.0:
  version "2.5.5"
  resolved "https://registry.yarnpkg.com/hoist-non-react-statics/-/hoist-non-react-statics-2.5.5.tgz#c5903cf409c0dfd908f388e619d86b9c1174cb47"
  integrity sha512-rqcy4pJo55FTTLWt+bU8ukscqHeE/e9KWvsOW2b/a3afxQZhwkQdT1rPPCJ0rYXdj4vNcasY8zHTH+jF/qStxw==

invariant@^2.2.4:
  version "2.2.4"
  resolved "https://registry.yarnpkg.com/invariant/-/invariant-2.2.4.tgz#610f3c92c9359ce1db616e538008d23ff35158e6"
  integrity sha512-phJfQVBuaJM5raOpJjSfkiD6BpbCE4Ns//LaXl6wGYtUBY83nWS6Rf9tXm2e8VaK60JEjYldbPif/A2B1C2gNA==
  dependencies:
    loose-envify "^1.0.0"

isarray@0.0.1:
  version "0.0.1"
  resolved "https://registry.yarnpkg.com/isarray/-/isarray-0.0.1.tgz#8a18acfca9a8f4177e09abfc6038939b05d1eedf"
  integrity sha1-ihis/Kmo9Bd+Cav8YDiTmwXR7t8=

izitoast@^1.4.0:
  version "1.4.0"
  resolved "https://registry.yarnpkg.com/izitoast/-/izitoast-1.4.0.tgz#1aa4e3408b7159fba743506af66d8be54fd929fb"
  integrity sha512-Oc1X2wiQtPp39i5VpIjf3GJf5sfCtHKXZ5szx7RareyEeFLUlcEW0FSfBni28+Ul6KNKZRKzhVuWzSP4Xngh0w==

jquery-form@^4.3.0:
  version "4.3.0"
  resolved "https://registry.yarnpkg.com/jquery-form/-/jquery-form-4.3.0.tgz#7d3961c314a1f2d15298f4af1d3943f54f4149c6"
  integrity sha512-q3uaVCEWdLOYUCI6dpNdwf/7cJFOsUgdpq6r0taxtGQ5NJSkOzofyWm4jpOuJ5YxdmL1FI5QR+q+HB63HHLGnQ==
  dependencies:
    jquery ">=1.7.2"

jquery-mask-plugin@^1.14.16:
  version "1.14.16"
  resolved "https://registry.yarnpkg.com/jquery-mask-plugin/-/jquery-mask-plugin-1.14.16.tgz#9ebb55947d984da5aade45315b2fe6b113e28aae"
  integrity sha512-reywdHlYEkPbzWjTpcc1fk9XQ3PLvO5dzEAVqy8zI7NTF22tB1HbeU3iboZTLdkBEPaWAqeI2HtEjsGQ4roZKw==

jquery-ui@^1.12.1:
  version "1.12.1"
  resolved "https://registry.yarnpkg.com/jquery-ui/-/jquery-ui-1.12.1.tgz#bcb4045c8dd0539c134bc1488cdd3e768a7a9e51"
  integrity sha1-vLQEXI3QU5wTS8FIjN0+dop6nlE=

jquery@>=1.7.2, jquery@^3.5.1:
  version "3.5.1"
  resolved "https://registry.yarnpkg.com/jquery/-/jquery-3.5.1.tgz#d7b4d08e1bfdb86ad2f1a3d039ea17304717abb5"
  integrity sha512-XwIBPqcMn57FxfT+Go5pzySnm4KWkT1Tv7gjrpT1srtf8Weynl6R273VJ5GjkRb51IzMp5nbaPjJXMWeju2MKg==

"js-tokens@^3.0.0 || ^4.0.0":
  version "4.0.0"
  resolved "https://registry.yarnpkg.com/js-tokens/-/js-tokens-4.0.0.tgz#19203fb59991df98e3a287050d4647cdeaf32499"
  integrity sha512-RdJUflcE3cUzKiMqQgsCu06FPu9UdIJO0beYbPhHN4k6apgJtifcoCtT9bcxOpYBtpD2kCM6Sbzg4CausW/PKQ==

loose-envify@^1.0.0, loose-envify@^1.1.0, loose-envify@^1.2.0, loose-envify@^1.3.1, loose-envify@^1.4.0:
  version "1.4.0"
  resolved "https://registry.yarnpkg.com/loose-envify/-/loose-envify-1.4.0.tgz#71ee51fa7be4caec1a63839f7e682d8132d30caf"
  integrity sha512-lyuxPGr/Wfhrlem2CL/UcnUc1zcqKAImBDzukY7Y5F/yQiNdko6+fRLevlw1HgMySw7f611UIY408EtxRSoK3Q==
  dependencies:
    js-tokens "^3.0.0 || ^4.0.0"

object-assign@^4.1.1:
  version "4.1.1"
  resolved "https://registry.yarnpkg.com/object-assign/-/object-assign-4.1.1.tgz#2109adc7965887cfc05cbbd442cac8bfbb360863"
  integrity sha1-IQmtx5ZYh8/AXLvUQsrIv7s2CGM=

path-to-regexp@^1.7.0:
  version "1.8.0"
  resolved "https://registry.yarnpkg.com/path-to-regexp/-/path-to-regexp-1.8.0.tgz#887b3ba9d84393e87a0a0b9f4cb756198b53548a"
  integrity sha512-n43JRhlUKUAlibEJhPeir1ncUID16QnEjNpwzNdO3Lm4ywrBpBZ5oLD0I6br9evr1Y9JTqwRtAh7JLoOzAQdVA==
  dependencies:
    isarray "0.0.1"

popper.js@^1.14.3:
  version "1.16.1"
  resolved "https://registry.yarnpkg.com/popper.js/-/popper.js-1.16.1.tgz#2a223cb3dc7b6213d740e40372be40de43e65b1b"
  integrity sha512-Wb4p1J4zyFTbM+u6WuO4XstYx4Ky9Cewe4DWrel7B0w6VVICvPwdOpotjzcf6eD8TsckVnIMNONQyPIUFOUbCQ==

prop-types@^15.6.0, prop-types@^15.6.1, prop-types@^15.6.2:
  version "15.7.2"
  resolved "https://registry.yarnpkg.com/prop-types/-/prop-types-15.7.2.tgz#52c41e75b8c87e72b9d9360e0206b99dcbffa6c5"
  integrity sha512-8QQikdH7//R2vurIJSutZ1smHYTcLpRWEOlHnzcWHmBYrOGUysKwSsrC89BCiFj3CbrfJ/nXFdJepOVrY1GCHQ==
  dependencies:
    loose-envify "^1.4.0"
    object-assign "^4.1.1"
    react-is "^16.8.1"

react-dom@^16.0.0:
  version "16.14.0"
  resolved "https://registry.yarnpkg.com/react-dom/-/react-dom-16.14.0.tgz#7ad838ec29a777fb3c75c3a190f661cf92ab8b89"
  integrity sha512-1gCeQXDLoIqMgqD3IO2Ah9bnf0w9kzhwN5q4FGnHZ67hBm9yePzB5JJAIQCc8x3pFnNlwFq4RidZggNAAkzWWw==
  dependencies:
    loose-envify "^1.1.0"
    object-assign "^4.1.1"
    prop-types "^15.6.2"
    scheduler "^0.19.1"

react-interactive@^0.8.1:
  version "0.8.3"
  resolved "https://registry.yarnpkg.com/react-interactive/-/react-interactive-0.8.3.tgz#c3c6c3f99b2e5efc20a9ccc54504cf2c03984d5b"
  integrity sha512-mmRvA9aKP7zu9kVfP1AX1egX8tFlnE3DDXq92z0JTZezfOpmeQBzr77O1+mTV54OOmn+M2t6c5kFD5VnuFoM7A==
  dependencies:
    detect-it "^3.0.3"
    object-assign "^4.1.1"
    prop-types "^15.6.0"

react-is@^16.8.1:
  version "16.13.1"
  resolved "https://registry.yarnpkg.com/react-is/-/react-is-16.13.1.tgz#789729a4dc36de2999dc156dd6c1d9c18cea56a4"
  integrity sha512-24e6ynE2H+OKt4kqsOvNd8kBpV65zoxbA4BVsEOB3ARVWQki/DHzaUoC5KuON/BiccDaCCTZBuOcfZs70kR8bQ==

react-router-dom@^4.2.2:
  version "4.3.1"
  resolved "https://registry.yarnpkg.com/react-router-dom/-/react-router-dom-4.3.1.tgz#4c2619fc24c4fa87c9fd18f4fb4a43fe63fbd5c6"
  integrity sha512-c/MlywfxDdCp7EnB7YfPMOfMD3tOtIjrQlj/CKfNMBxdmpJP8xcz5P/UAFn3JbnQCNUxsHyVVqllF9LhgVyFCA==
  dependencies:
    history "^4.7.2"
    invariant "^2.2.4"
    loose-envify "^1.3.1"
    prop-types "^15.6.1"
    react-router "^4.3.1"
    warning "^4.0.1"

react-router@^4.3.1:
  version "4.3.1"
  resolved "https://registry.yarnpkg.com/react-router/-/react-router-4.3.1.tgz#aada4aef14c809cb2e686b05cee4742234506c4e"
  integrity sha512-yrvL8AogDh2X42Dt9iknk4wF4V8bWREPirFfS9gLU1huk6qK41sg7Z/1S81jjTrGHxa3B8R3J6xIkDAA6CVarg==
  dependencies:
    history "^4.7.2"
    hoist-non-react-statics "^2.5.0"
    invariant "^2.2.4"
    loose-envify "^1.3.1"
    path-to-regexp "^1.7.0"
    prop-types "^15.6.1"
    warning "^4.0.1"

react@^16.0.0:
  version "16.14.0"
  resolved "https://registry.yarnpkg.com/react/-/react-16.14.0.tgz#94d776ddd0aaa37da3eda8fc5b6b18a4c9a3114d"
  integrity sha512-0X2CImDkJGApiAlcf0ODKIneSwBPhqJawOa5wCtKbu7ZECrmS26NvtSILynQ66cgkT/RJ4LidJOc3bUESwmU8g==
  dependencies:
    loose-envify "^1.1.0"
    object-assign "^4.1.1"
    prop-types "^15.6.2"

regenerator-runtime@^0.13.4:
  version "0.13.7"
  resolved "https://registry.yarnpkg.com/regenerator-runtime/-/regenerator-runtime-0.13.7.tgz#cac2dacc8a1ea675feaabaeb8ae833898ae46f55"
  integrity sha512-a54FxoJDIr27pgf7IgeQGxmqUNYrcV338lf/6gH456HZ/PhX+5BcwHXG9ajESmwe6WRO0tAzRUrRmNONWgkrew==

resolve-pathname@^3.0.0:
  version "3.0.0"
  resolved "https://registry.yarnpkg.com/resolve-pathname/-/resolve-pathname-3.0.0.tgz#99d02224d3cf263689becbb393bc560313025dcd"
  integrity sha512-C7rARubxI8bXFNB/hqcp/4iUeIXJhJZvFPFPiSPRnhU5UPxzMFIl+2E6yY6c4k9giDJAhtV+enfA+G89N6Csng==

scheduler@^0.19.1:
  version "0.19.1"
  resolved "https://registry.yarnpkg.com/scheduler/-/scheduler-0.19.1.tgz#4f3e2ed2c1a7d65681f4c854fa8c5a1ccb40f196"
  integrity sha512-n/zwRWRYSUj0/3g/otKDRPMh6qv2SYMWNq85IEa8iZyAv8od9zDYpGSnpBEjNgcMNq6Scbu5KfIPxNF72R/2EA==
  dependencies:
    loose-envify "^1.1.0"
    object-assign "^4.1.1"

tiny-invariant@^1.0.2:
  version "1.1.0"
  resolved "https://registry.yarnpkg.com/tiny-invariant/-/tiny-invariant-1.1.0.tgz#634c5f8efdc27714b7f386c35e6760991d230875"
  integrity sha512-ytxQvrb1cPc9WBEI/HSeYYoGD0kWnGEOR8RY6KomWLBVhqz0RgTwVO9dLrGz7dC+nN9llyI7OKAgRq8Vq4ZBSw==

tiny-warning@^1.0.0:
  version "1.0.3"
  resolved "https://registry.yarnpkg.com/tiny-warning/-/tiny-warning-1.0.3.tgz#94a30db453df4c643d0fd566060d60a875d84754"
  integrity sha512-lBN9zLN/oAf68o3zNXYrdCt1kP8WsiGW8Oo2ka41b2IM5JL/S1CTyX1rW0mb/zSuJun0ZUrDxx4sqvYS2FWzPA==

value-equal@^1.0.1:
  version "1.0.1"
  resolved "https://registry.yarnpkg.com/value-equal/-/value-equal-1.0.1.tgz#1e0b794c734c5c0cade179c437d356d931a34d6c"
  integrity sha512-NOJ6JZCAWr0zlxZt+xqCHNTEKOsrks2HQd4MqhP1qy4z1SkbEP467eNx6TgDKXMvUOb+OENfJCZwM+16n7fRfw==

warning@^4.0.1:
  version "4.0.3"
  resolved "https://registry.yarnpkg.com/warning/-/warning-4.0.3.tgz#16e9e077eb8a86d6af7d64aa1e05fd85b4678ca3"
  integrity sha512-rpJyN222KWIvHJ/F53XSZv0Zl/accqHR8et1kpaMTD/fLCRxtV8iX8czMzY7sVZupTI3zcUTg8eycS2kNF9l6w==
  dependencies:
    loose-envify "^1.0.0"
